
Microsoft Visual Studio Solution File, Format Version 12.00
# Visual Studio Version 17
VisualStudioVersion = 17.8.34525.116
MinimumVisualStudioVersion = 10.0.40219.1
Project("{2150E333-8FDC-42A3-9474-1A3956D46DE8}") = "Services", "Services", "{31053AFC-FA29-4775-A086-A885563A025B}"
EndProject
Project("{2150E333-8FDC-42A3-9474-1A3956D46DE8}") = "Catalog", "Catalog", "{512901FC-73BF-47A8-B185-C85411CFEE0C}"
	ProjectSection(SolutionItems) = preProject
		Services\Basket\Basket.API\Program.cs = Services\Basket\Basket.API\Program.cs
	EndProjectSection
EndProject
Project("{9A19103F-16F7-4668-BE54-9A1E7A4F7556}") = "Catalog.API", "Services\Catalog\Catalog.API\Catalog.API.csproj", "{6C0540BA-664B-49DE-B38F-A7F23CD202F6}"
EndProject
Project("{2150E333-8FDC-42A3-9474-1A3956D46DE8}") = "BuildingBlocks", "BuildingBlocks", "{853D32BC-B1A6-4DF0-88E6-5665379ECE04}"
EndProject
Project("{9A19103F-16F7-4668-BE54-9A1E7A4F7556}") = "BuildingBlocks", "BuildingBlocks\BuildingBlocks\BuildingBlocks.csproj", "{A669A29D-AFBB-43CA-918D-D21B8B171CB8}"
EndProject
Project("{E53339B2-1760-4266-BCC7-CA923CBCF16C}") = "docker-compose", "docker-compose.dcproj", "{02B95AE6-6A07-4BDD-A29B-08540D0965D6}"
EndProject
Project("{2150E333-8FDC-42A3-9474-1A3956D46DE8}") = "Basket", "Basket", "{083ABD18-BE11-4109-B199-9695F6B03F4D}"
EndProject
Project("{9A19103F-16F7-4668-BE54-9A1E7A4F7556}") = "Basket.API", "Services\Basket\Basket.API\Basket.API.csproj", "{A2456633-86FC-4E21-A476-95ECA4D49F74}"
EndProject
Project("{2150E333-8FDC-42A3-9474-1A3956D46DE8}") = "Discount", "Discount", "{4BE07092-6D47-4DE4-997D-765B9AB895DA}"
EndProject
Project("{9A19103F-16F7-4668-BE54-9A1E7A4F7556}") = "Discount.Grpc", "Services\Discount\Discount.Grpc\Discount.Grpc.csproj", "{964D2212-A4D1-486D-8603-D41920FEE21A}"
EndProject
Project("{2150E333-8FDC-42A3-9474-1A3956D46DE8}") = "Ordering", "Ordering", "{40C5C2E5-5DB6-40D3-A669-CB9D51C3BB14}"
EndProject
Project("{FAE04EC0-301F-11D3-BF4B-00C04F79EFBC}") = "Ordering.API", "Services\Ordering\Ordering.API\Ordering.API.csproj", "{6A7EFE58-9F57-4583-926B-8B1FB99FE1B3}"
EndProject
Global
	GlobalSection(SolutionConfigurationPlatforms) = preSolution
		Debug|Any CPU = Debug|Any CPU
		Release|Any CPU = Release|Any CPU
	EndGlobalSection
	GlobalSection(ProjectConfigurationPlatforms) = postSolution
		{6C0540BA-664B-49DE-B38F-A7F23CD202F6}.Debug|Any CPU.ActiveCfg = Debug|Any CPU
		{6C0540BA-664B-49DE-B38F-A7F23CD202F6}.Debug|Any CPU.Build.0 = Debug|Any CPU
		{6C0540BA-664B-49DE-B38F-A7F23CD202F6}.Release|Any CPU.ActiveCfg = Release|Any CPU
		{6C0540BA-664B-49DE-B38F-A7F23CD202F6}.Release|Any CPU.Build.0 = Release|Any CPU
		{A669A29D-AFBB-43CA-918D-D21B8B171CB8}.Debug|Any CPU.ActiveCfg = Debug|Any CPU
		{A669A29D-AFBB-43CA-918D-D21B8B171CB8}.Debug|Any CPU.Build.0 = Debug|Any CPU
		{A669A29D-AFBB-43CA-918D-D21B8B171CB8}.Release|Any CPU.ActiveCfg = Release|Any CPU
		{A669A29D-AFBB-43CA-918D-D21B8B171CB8}.Release|Any CPU.Build.0 = Release|Any CPU
		{02B95AE6-6A07-4BDD-A29B-08540D0965D6}.Debug|Any CPU.ActiveCfg = Debug|Any CPU
		{02B95AE6-6A07-4BDD-A29B-08540D0965D6}.Debug|Any CPU.Build.0 = Debug|Any CPU
		{02B95AE6-6A07-4BDD-A29B-08540D0965D6}.Release|Any CPU.ActiveCfg = Release|Any CPU
		{02B95AE6-6A07-4BDD-A29B-08540D0965D6}.Release|Any CPU.Build.0 = Release|Any CPU
		{A2456633-86FC-4E21-A476-95ECA4D49F74}.Debug|Any CPU.ActiveCfg = Debug|Any CPU
		{A2456633-86FC-4E21-A476-95ECA4D49F74}.Debug|Any CPU.Build.0 = Debug|Any CPU
		{A2456633-86FC-4E21-A476-95ECA4D49F74}.Release|Any CPU.ActiveCfg = Release|Any CPU
		{A2456633-86FC-4E21-A476-95ECA4D49F74}.Release|Any CPU.Build.0 = Release|Any CPU
		{964D2212-A4D1-486D-8603-D41920FEE21A}.Debug|Any CPU.ActiveCfg = Debug|Any CPU
		{964D2212-A4D1-486D-8603-D41920FEE21A}.Debug|Any CPU.Build.0 = Debug|Any CPU
		{964D2212-A4D1-486D-8603-D41920FEE21A}.Release|Any CPU.ActiveCfg = Release|Any CPU
		{964D2212-A4D1-486D-8603-D41920FEE21A}.Release|Any CPU.Build.0 = Release|Any CPU
		{6A7EFE58-9F57-4583-926B-8B1FB99FE1B3}.Debug|Any CPU.ActiveCfg = Debug|Any CPU
		{6A7EFE58-9F57-4583-926B-8B1FB99FE1B3}.Debug|Any CPU.Build.0 = Debug|Any CPU
		{6A7EFE58-9F57-4583-926B-8B1FB99FE1B3}.Release|Any CPU.ActiveCfg = Release|Any CPU
		{6A7EFE58-9F57-4583-926B-8B1FB99FE1B3}.Release|Any CPU.Build.0 = Release|Any CPU
	EndGlobalSection
	GlobalSection(SolutionProperties) = preSolution
		HideSolutionNode = FALSE
	EndGlobalSection
	GlobalSection(NestedProjects) = preSolution
		{512901FC-73BF-47A8-B185-C85411CFEE0C} = {31053AFC-FA29-4775-A086-A885563A025B}
		{6C0540BA-664B-49DE-B38F-A7F23CD202F6} = {512901FC-73BF-47A8-B185-C85411CFEE0C}
		{A669A29D-AFBB-43CA-918D-D21B8B171CB8} = {853D32BC-B1A6-4DF0-88E6-5665379ECE04}
		{083ABD18-BE11-4109-B199-9695F6B03F4D} = {31053AFC-FA29-4775-A086-A885563A025B}
		{A2456633-86FC-4E21-A476-95ECA4D49F74} = {083ABD18-BE11-4109-B199-9695F6B03F4D}
		{4BE07092-6D47-4DE4-997D-765B9AB895DA} = {31053AFC-FA29-4775-A086-A885563A025B}
		{964D2212-A4D1-486D-8603-D41920FEE21A} = {4BE07092-6D47-4DE4-997D-765B9AB895DA}
		{40C5C2E5-5DB6-40D3-A669-CB9D51C3BB14} = {31053AFC-FA29-4775-A086-A885563A025B}
		{6A7EFE58-9F57-4583-926B-8B1FB99FE1B3} = {40C5C2E5-5DB6-40D3-A669-CB9D51C3BB14}
	EndGlobalSection
	GlobalSection(ExtensibilityGlobals) = postSolution
		SolutionGuid = {A79C8BC8-6CD3-404E-8A56-007D6F6A065E}
	EndGlobalSection
EndGlobal
